[{<<"bcrypt">>,
  {git,"https://github.com/erlangpack/bcrypt.git",
       {ref,"7ddab115e18334dafbebeba5f21c4c80fddfdf59"}},
  0},
 {<<"cowboy">>,
  {git,"git://github.com/ninenines/cowboy.git",
       {ref,"3d8339267b2de011c30db868002f23ab4da0cc2f"}},
  0},
 {<<"cowlib">>,
  {git,"https://github.com/ninenines/cowlib",
       {ref,"11e07d3c2b164d06ad35188d83ad70e7501396db"}},
  1},
 {<<"hamcrest">>,
  {git,"https://github.com/basho/hamcrest-erlang.git",
       {ref,"ad3dbab419762fc2d5821abb88b989da006b85c6"}},
  2},
 {<<"ranch">>,
  {git,"https://github.com/ninenines/ranch",
       {ref,"55c2a9d623454f372a15e99721a37093d8773b48"}},
  1},
 {<<"riak_pb">>,
  {git,"https://github.com/basho/riak_pb",
       {ref,"08771aba2ce4935b715d32d1b92555efdc3da994"}},
  1},
 {<<"riakc">>,
  {git,"git://github.com/basho/riak-erlang-client.git",
       {ref,"f3a0592cf2200fd37b46b5188cabd4cf7058d776"}},
  0}].
